
Microsoft Visual Studio Solution File, Format Version 12.00
# Visual Studio Version 17
VisualStudioVersion = 17.5.33627.172
MinimumVisualStudioVersion = 10.0.40219.1
Project("{FAE04EC0-301F-11D3-BF4B-00C04F79EFBC}") = "EmprestimoLivros.API", "EmprestimoLivros.API\EmprestimoLivros.API.csproj", "{B5EA1AB7-0B8F-408E-BCAE-156BA8F2FAA4}"
EndProject
Global
	GlobalSection(SolutionConfigurationPlatforms) = preSolution
		Debug|Any CPU = Debug|Any CPU
		Release|Any CPU = Release|Any CPU
	EndGlobalSection
	GlobalSection(ProjectConfigurationPlatforms) = postSolution
		{B5EA1AB7-0B8F-408E-BCAE-156BA8F2FAA4}.Debug|Any CPU.ActiveCfg = Debug|Any CPU
		{B5EA1AB7-0B8F-408E-BCAE-156BA8F2FAA4}.Debug|Any CPU.Build.0 = Debug|Any CPU
		{B5EA1AB7-0B8F-408E-BCAE-156BA8F2FAA4}.Release|Any CPU.ActiveCfg = Release|Any CPU
		{B5EA1AB7-0B8F-408E-BCAE-156BA8F2FAA4}.Release|Any CPU.Build.0 = Release|Any CPU
	EndGlobalSection
	GlobalSection(SolutionProperties) = preSolution
		HideSolutionNode = FALSE
	EndGlobalSection
	GlobalSection(ExtensibilityGlobals) = postSolution
		SolutionGuid = {54813036-160F-48BB-B1D0-42A438E18FF0}
	EndGlobalSection
EndGlobal
